{
  "name": "cm-pgn",
  "version": "2.2.0",
  "lockfileVersion": 2,
  "requires": true,
  "packages": {
    "": {
      "name": "cm-pgn",
      "version": "2.2.0",
      "hasInstallScript": true,
      "license": "MIT",
      "dependencies": {
        "chess.mjs": "^1.3.1",
        "modlib": "^1.2.10"
      },
      "devDependencies": {
        "pegjs": "^0.10.0",
        "teevi": "^2.2.2"
      }
    },
    "node_modules/chess.mjs": {
      "version": "1.3.1",
      "resolved": "https://registry.npmjs.org/chess.mjs/-/chess.mjs-1.3.1.tgz",
      "integrity": "sha512-ugoGp7q/yuxoXk/1wziADHClbnKC4yEFWDLPDZ/9sNh8M75ClYcO9TnFSsnHC0j5xu8h4xE+gWTzK9UMlzld7Q=="
    },
    "node_modules/modlib": {
      "version": "1.2.10",
      "resolved": "https://registry.npmjs.org/modlib/-/modlib-1.2.10.tgz",
      "integrity": "sha512-aaT9AYNH9cEX3NhEmLAsaogOpYQVRqIYxnMS+9r+XN1MDxprCD+ToLSAWfNhcpuY0J69KU/Rz5N16ATJ2Z/TVA=="
    },
    "node_modules/pegjs": {
      "version": "0.10.0",
      "resolved": "https://registry.npmjs.org/pegjs/-/pegjs-0.10.0.tgz",
      "integrity": "sha1-z4uvrm7d/0tafvsYUmnqr0YQ3b0=",
      "dev": true,
      "bin": {
        "pegjs": "bin/pegjs"
      },
      "engines": {
        "node": ">=0.10"
      }
    },
    "node_modules/teevi": {
      "version": "2.2.2",
      "resolved": "https://registry.npmjs.org/teevi/-/teevi-2.2.2.tgz",
      "integrity": "sha512-8XJiQgT08qPH8Xj7BHvm5I0c6Fce7vxFiXoPQZgl0HHLXXheVzjvUgBn0/GqhSk3M3veCQOPb3E6IChIVoX/0A==",
      "dev": true
    }
  },
  "dependencies": {
    "chess.mjs": {
      "version": "1.3.1",
      "resolved": "https://registry.npmjs.org/chess.mjs/-/chess.mjs-1.3.1.tgz",
      "integrity": "sha512-ugoGp7q/yuxoXk/1wziADHClbnKC4yEFWDLPDZ/9sNh8M75ClYcO9TnFSsnHC0j5xu8h4xE+gWTzK9UMlzld7Q=="
    },
    "modlib": {
      "version": "1.2.10",
      "resolved": "https://registry.npmjs.org/modlib/-/modlib-1.2.10.tgz",
      "integrity": "sha512-aaT9AYNH9cEX3NhEmLAsaogOpYQVRqIYxnMS+9r+XN1MDxprCD+ToLSAWfNhcpuY0J69KU/Rz5N16ATJ2Z/TVA=="
    },
    "pegjs": {
      "version": "0.10.0",
      "resolved": "https://registry.npmjs.org/pegjs/-/pegjs-0.10.0.tgz",
      "integrity": "sha1-z4uvrm7d/0tafvsYUmnqr0YQ3b0=",
      "dev": true
    },
    "teevi": {
      "version": "2.2.2",
      "resolved": "https://registry.npmjs.org/teevi/-/teevi-2.2.2.tgz",
      "integrity": "sha512-8XJiQgT08qPH8Xj7BHvm5I0c6Fce7vxFiXoPQZgl0HHLXXheVzjvUgBn0/GqhSk3M3veCQOPb3E6IChIVoX/0A==",
      "dev": true
    }
  }
}
