{
  "name": "cm-pgn",
  "version": "3.3.5",
  "lockfileVersion": 3,
  "requires": true,
  "packages": {
    "": {
      "name": "cm-pgn",
      "version": "3.3.5",
      "license": "MIT",
      "dependencies": {
        "chess.mjs": "^2.1.1"
      },
      "devDependencies": {
        "pegjs": "^0.10.0",
        "teevi": "^2.2.4"
      }
    },
    "node_modules/chess.js": {
      "version": "0.13.4",
      "resolved": "https://registry.npmjs.org/chess.js/-/chess.js-0.13.4.tgz",
      "integrity": "sha512-li8pyEtvfw6V7xvVr5aUh8OuICfviWNT3YXPh56/wNZ8yEdqdAaWcWargK6xTmqsWKKH5c1bvdJ7lh5vqNv2wg==",
      "license": "BSD-2-Clause"
    },
    "node_modules/chess.mjs": {
      "version": "2.1.1",
      "resolved": "https://registry.npmjs.org/chess.mjs/-/chess.mjs-2.1.1.tgz",
      "integrity": "sha512-eNdOFcKEgyy8focQdKdoEKuR4KeIRtTdyzL8oUJz01XEM0Vh6rYTfBidtXz4YkOoZRUaMOrjnJwsBKYWmNfRag==",
      "license": "BSD-2-Clause",
      "dependencies": {
        "chess.js": "^0.13.4"
      }
    },
    "node_modules/pegjs": {
      "version": "0.10.0",
      "resolved": "https://registry.npmjs.org/pegjs/-/pegjs-0.10.0.tgz",
      "integrity": "sha512-qI5+oFNEGi3L5HAxDwN2LA4Gg7irF70Zs25edhjld9QemOgp0CbvMtbFcMvFtEo1OityPrcCzkQFB8JP/hxgow==",
      "dev": true,
      "bin": {
        "pegjs": "bin/pegjs"
      },
      "engines": {
        "node": ">=0.10"
      }
    },
    "node_modules/teevi": {
      "version": "2.2.4",
      "resolved": "https://registry.npmjs.org/teevi/-/teevi-2.2.4.tgz",
      "integrity": "sha512-dlWBYsYlb2D/CppMenVKXpD/vCiVwlgFwfjofWqunziq8O1OeYhnXK3dnYOLRmNLhimsk/a3h+w5e03BnIExKQ==",
      "dev": true
    }
  }
}
