{
  "name": "cm-pgn",
  "version": "3.3.3",
  "lockfileVersion": 3,
  "requires": true,
  "packages": {
    "": {
      "name": "cm-pgn",
      "version": "3.3.3",
      "license": "MIT",
      "dependencies": {
        "chess.mjs": "^1.4.0"
      },
      "devDependencies": {
        "pegjs": "^0.10.0",
        "teevi": "^2.2.4"
      }
    },
    "node_modules/chess.mjs": {
      "version": "1.4.0",
      "resolved": "https://registry.npmjs.org/chess.mjs/-/chess.mjs-1.4.0.tgz",
      "integrity": "sha512-TxbpfE4BvRMteIWEy9j1wsR/UwYqGekmZFDcPrKjaqHbmeRwQOv5sribu6PE6nO/69uTxld0nfX7Ra0XA03j4Q=="
    },
    "node_modules/pegjs": {
      "version": "0.10.0",
      "resolved": "https://registry.npmjs.org/pegjs/-/pegjs-0.10.0.tgz",
      "integrity": "sha512-qI5+oFNEGi3L5HAxDwN2LA4Gg7irF70Zs25edhjld9QemOgp0CbvMtbFcMvFtEo1OityPrcCzkQFB8JP/hxgow==",
      "dev": true,
      "bin": {
        "pegjs": "bin/pegjs"
      },
      "engines": {
        "node": ">=0.10"
      }
    },
    "node_modules/teevi": {
      "version": "2.2.4",
      "resolved": "https://registry.npmjs.org/teevi/-/teevi-2.2.4.tgz",
      "integrity": "sha512-dlWBYsYlb2D/CppMenVKXpD/vCiVwlgFwfjofWqunziq8O1OeYhnXK3dnYOLRmNLhimsk/a3h+w5e03BnIExKQ==",
      "dev": true
    }
  }
}
